
Microsoft Visual Studio Solution File, Format Version 12.00
# Visual Studio Version 17
VisualStudioVersion = 17.0.31903.59
MinimumVisualStudioVersion = 10.0.40219.1
Project("{FAE04EC0-301F-11D3-BF4B-00C04F79EFBC}") = "MyAnalyzerEnabledApi", "MyAnalyzerEnabledApi.csproj", "{DE545A66-AFF5-4C83-BDC7-46A0EFDA2187}"
EndProject
Global
	GlobalSection(SolutionConfigurationPlatforms) = preSolution
		Debug|Any CPU = Debug|Any CPU
		Release|Any CPU = Release|Any CPU
	EndGlobalSection
	GlobalSection(SolutionProperties) = preSolution
		HideSolutionNode = FALSE
	EndGlobalSection
	GlobalSection(ProjectConfigurationPlatforms) = postSolution
		{DE545A66-AFF5-4C83-BDC7-46A0EFDA2187}.Debug|Any CPU.ActiveCfg = Debug|Any CPU
		{DE545A66-AFF5-4C83-BDC7-46A0EFDA2187}.Debug|Any CPU.Build.0 = Debug|Any CPU
		{DE545A66-AFF5-4C83-BDC7-46A0EFDA2187}.Release|Any CPU.ActiveCfg = Release|Any CPU
		{DE545A66-AFF5-4C83-BDC7-46A0EFDA2187}.Release|Any CPU.Build.0 = Release|Any CPU
	EndGlobalSection
EndGlobal
